Microsoft Visual Studio Solution File, Format Version 12.00
# Visual Studio Version 17
VisualStudioVersion = 17.7.34221.43
MinimumVisualStudioVersion = 10.0.40219.1
Project("{8BC9CEB8-8B4A-11D0-8D11-00A0C91BC942}") = "auto_vk_toolkit", "auto_vk_toolkit\auto_vk_toolkit.vcxproj", "{602F842F-50C1-466D-8696-1707937D8AB9}"
EndProject
Project("{2150E333-8FDC-42A3-9474-1A3956D46DE8}") = "examples", "examples", "{42ECE233-FCB5-4525-BBC9-024CE075FC38}"
EndProject
Project("{8BC9CEB8-8B4A-11D0-8D11-00A0C91BC942}") = "hello_world", "examples\hello_world\hello_world.vcxproj", "{AAAC1485-846C-4F30-8824-125E8584D038}"
EndProject
Project("{2150E333-8FDC-42A3-9474-1A3956D46DE8}") = "basic_usage", "basic_usage", "{08A10CAA-9B1B-41DB-9EB5-8547AC3077EA}"
EndProject
Project("{8BC9CEB8-8B4A-11D0-8D11-00A0C91BC942}") = "vertex_buffers", "examples\vertex_buffers\vertex_buffers.vcxproj", "{8E7CC991-65C1-4B5B-9F18-F650A5378404}"
EndProject
Project("{8BC9CEB8-8B4A-11D0-8D11-00A0C91BC942}") = "model_loader", "examples\model_loader\model_loader.vcxproj", "{017E78C0-EA95-4C68-866B-51664926D8C9}"
EndProject
Project("{2150E333-8FDC-42A3-9474-1A3956D46DE8}") = "models_and_geometry", "models_and_geometry", "{B883882B-129A-4528-86E3-68638929D9EC}"
EndProject
Project("{8BC9CEB8-8B4A-11D0-8D11-00A0C91BC942}") = "compute_image_processing", "examples\compute_image_processing\compute_image_processing.vcxproj", "{87425D27-E858-4E57-A482-21346163B972}"
EndProject
Project("{2150E333-8FDC-42A3-9474-1A3956D46DE8}") = "compute_shaders", "compute_shaders", "{E796A880-48FF-48FF-A7F0-A3A522223061}"
EndProject
Project("{8BC9CEB8-8B4A-11D0-8D11-00A0C91BC942}") = "orca_loader", "examples\orca_loader\orca_loader.vcxproj", "{8397BAEB-C62F-4EE0-9402-E2D1B804A328}"
EndProject
Project("{8BC9CEB8-8B4A-11D0-8D11-00A0C91BC942}") = "ray_tracing_with_shadows_and_ao", "examples\ray_tracing_with_shadows_and_ao\ray_tracing_with_shadows_and_ao.vcxproj", "{425D661F-8100-4142-A03C-4E6C842F5E50}"
EndProject
Project("{2150E333-8FDC-42A3-9474-1A3956D46DE8}") = "real_time_ray_tracing", "real_time_ray_tracing", "{683E25DF-C29D-4BC6-980E-88F7C09D024F}"
EndProject
Project("{8BC9CEB8-8B4A-11D0-8D11-00A0C91BC942}") = "ray_tracing_custom_intersection", "examples\ray_tracing_custom_intersection\ray_tracing_custom_intersection.vcxproj", "{1DE6486D-2373-455B-8F2A-798439EB4600}"
EndProject
Project("{8BC9CEB8-8B4A-11D0-8D11-00A0C91BC942}") = "ray_query_in_ray_tracing_shaders", "examples\ray_query_in_ray_tracing_shaders\ray_query_in_ray_tracing_shaders.vcxproj", "{D8329EE0-A6B8-40FD-A427-5D4AC5C56CAD}"
EndProject
Project("{8BC9CEB8-8B4A-11D0-8D11-00A0C91BC942}") = "framebuffer", "examples\framebuffer\framebuffer.vcxproj", "{BFFBAB2F-A0C4-451F-BBCB-279F218FAB1F}"
EndProject
Project("{8BC9CEB8-8B4A-11D0-8D11-00A0C91BC942}") = "multi_invokee_rendering", "examples\multi_invokee_rendering\multi_invokee_rendering.vcxproj", "{67E56BCA-00F5-4AEE-AEB7-E0E064428AA8}"
EndProject
Project("{2150E333-8FDC-42A3-9474-1A3956D46DE8}") = "textures", "textures", "{8C843027-6CE3-4F0D-A640-16C5C188BCD6}"
EndProject
Project("{8BC9CEB8-8B4A-11D0-8D11-00A0C91BC942}") = "texture_cubemap", "examples\texture_cubemap\texture_cubemap.vcxproj", "{BCFFFE1C-FC08-432A-9A07-4C049AE398BD}"
EndProject
Project("{8BC9CEB8-8B4A-11D0-8D11-00A0C91BC942}") = "static_meshlets", "examples\static_meshlets\static_meshlets.vcxproj", "{2E2F473E-AF6A-4FC1-9D2D-B4541EAD7BEE}"
EndProject
Project("{8BC9CEB8-8B4A-11D0-8D11-00A0C91BC942}") = "skinned_meshlets", "examples\skinned_meshlets\skinned_meshlets.vcxproj", "{295E18F0-C25C-4864-9D61-4A7F6EE13EFB}"
EndProject
Project("{8BC9CEB8-8B4A-11D0-8D11-00A0C91BC942}") = "multiple_queues", "examples\multiple_queues\multiple_queues.vcxproj", "{3CD62905-610C-4EA1-A378-E1DFE6A6871C}"
EndProject
Project("{8BC9CEB8-8B4A-11D0-8D11-00A0C91BC942}") = "present_from_compute", "examples\present_from_compute\present_from_compute.vcxproj", "{14DC267E-090F-442E-82FB-31A16759ECDC}"
EndProject
Project("{8BC9CEB8-8B4A-11D0-8D11-00A0C91BC942}") = "dynamic_rendering", "examples\dynamic_rendering\dynamic_rendering.vcxproj", "{C9892273-E97F-49F5-8A0D-96278284EAFF}"
EndProject
Global
	GlobalSection(SolutionConfigurationPlatforms) = preSolution
		Debug_Vulkan|x64 = Debug_Vulkan|x64
		Publish_Vulkan|x64 = Publish_Vulkan|x64
		Release_Vulkan|x64 = Release_Vulkan|x64
	EndGlobalSection
	GlobalSection(ProjectConfigurationPlatforms) = postSolution
		{602F842F-50C1-466D-8696-1707937D8AB9}.Debug_Vulkan|x64.ActiveCfg = Debug_Vulkan|x64
		{602F842F-50C1-466D-8696-1707937D8AB9}.Debug_Vulkan|x64.Build.0 = Debug_Vulkan|x64
		{602F842F-50C1-466D-8696-1707937D8AB9}.Publish_Vulkan|x64.ActiveCfg = Publish_Vulkan|x64
		{602F842F-50C1-466D-8696-1707937D8AB9}.Publish_Vulkan|x64.Build.0 = Publish_Vulkan|x64
		{602F842F-50C1-466D-8696-1707937D8AB9}.Release_Vulkan|x64.ActiveCfg = Release_Vulkan|x64
		{602F842F-50C1-466D-8696-1707937D8AB9}.Release_Vulkan|x64.Build.0 = Release_Vulkan|x64
		{AAAC1485-846C-4F30-8824-125E8584D038}.Debug_Vulkan|x64.ActiveCfg = Debug_Vulkan|x64
		{AAAC1485-846C-4F30-8824-125E8584D038}.Debug_Vulkan|x64.Build.0 = Debug_Vulkan|x64
		{AAAC1485-846C-4F30-8824-125E8584D038}.Publish_Vulkan|x64.ActiveCfg = Publish_Vulkan|x64
		{AAAC1485-846C-4F30-8824-125E8584D038}.Publish_Vulkan|x64.Build.0 = Publish_Vulkan|x64
		{AAAC1485-846C-4F30-8824-125E8584D038}.Release_Vulkan|x64.ActiveCfg = Release_Vulkan|x64
		{AAAC1485-846C-4F30-8824-125E8584D038}.Release_Vulkan|x64.Build.0 = Release_Vulkan|x64
		{8E7CC991-65C1-4B5B-9F18-F650A5378404}.Debug_Vulkan|x64.ActiveCfg = Debug_Vulkan|x64
		{8E7CC991-65C1-4B5B-9F18-F650A5378404}.Debug_Vulkan|x64.Build.0 = Debug_Vulkan|x64
		{8E7CC991-65C1-4B5B-9F18-F650A5378404}.Publish_Vulkan|x64.ActiveCfg = Publish_Vulkan|x64
		{8E7CC991-65C1-4B5B-9F18-F650A5378404}.Publish_Vulkan|x64.Build.0 = Publish_Vulkan|x64
		{8E7CC991-65C1-4B5B-9F18-F650A5378404}.Release_Vulkan|x64.ActiveCfg = Release_Vulkan|x64
		{8E7CC991-65C1-4B5B-9F18-F650A5378404}.Release_Vulkan|x64.Build.0 = Release_Vulkan|x64
		{017E78C0-EA95-4C68-866B-51664926D8C9}.Debug_Vulkan|x64.ActiveCfg = Debug_Vulkan|x64
		{017E78C0-EA95-4C68-866B-51664926D8C9}.Debug_Vulkan|x64.Build.0 = Debug_Vulkan|x64
		{017E78C0-EA95-4C68-866B-51664926D8C9}.Publish_Vulkan|x64.ActiveCfg = Publish_Vulkan|x64
		{017E78C0-EA95-4C68-866B-51664926D8C9}.Publish_Vulkan|x64.Build.0 = Publish_Vulkan|x64
		{017E78C0-EA95-4C68-866B-51664926D8C9}.Release_Vulkan|x64.ActiveCfg = Release_Vulkan|x64
		{017E78C0-EA95-4C68-866B-51664926D8C9}.Release_Vulkan|x64.Build.0 = Release_Vulkan|x64
		{87425D27-E858-4E57-A482-21346163B972}.Debug_Vulkan|x64.ActiveCfg = Debug_Vulkan|x64
		{87425D27-E858-4E57-A482-21346163B972}.Debug_Vulkan|x64.Build.0 = Debug_Vulkan|x64
		{87425D27-E858-4E57-A482-21346163B972}.Publish_Vulkan|x64.ActiveCfg = Publish_Vulkan|x64
		{87425D27-E858-4E57-A482-21346163B972}.Publish_Vulkan|x64.Build.0 = Publish_Vulkan|x64
		{87425D27-E858-4E57-A482-21346163B972}.Release_Vulkan|x64.ActiveCfg = Release_Vulkan|x64
		{87425D27-E858-4E57-A482-21346163B972}.Release_Vulkan|x64.Build.0 = Release_Vulkan|x64
		{8397BAEB-C62F-4EE0-9402-E2D1B804A328}.Debug_Vulkan|x64.ActiveCfg = Debug_Vulkan|x64
		{8397BAEB-C62F-4EE0-9402-E2D1B804A328}.Debug_Vulkan|x64.Build.0 = Debug_Vulkan|x64
		{8397BAEB-C62F-4EE0-9402-E2D1B804A328}.Publish_Vulkan|x64.ActiveCfg = Publish_Vulkan|x64
		{8397BAEB-C62F-4EE0-9402-E2D1B804A328}.Publish_Vulkan|x64.Build.0 = Publish_Vulkan|x64
		{8397BAEB-C62F-4EE0-9402-E2D1B804A328}.Release_Vulkan|x64.ActiveCfg = Release_Vulkan|x64
		{8397BAEB-C62F-4EE0-9402-E2D1B804A328}.Release_Vulkan|x64.Build.0 = Release_Vulkan|x64
		{425D661F-8100-4142-A03C-4E6C842F5E50}.Debug_Vulkan|x64.ActiveCfg = Debug_Vulkan|x64
		{425D661F-8100-4142-A03C-4E6C842F5E50}.Debug_Vulkan|x64.Build.0 = Debug_Vulkan|x64
		{425D661F-8100-4142-A03C-4E6C842F5E50}.Publish_Vulkan|x64.ActiveCfg = Publish_Vulkan|x64
		{425D661F-8100-4142-A03C-4E6C842F5E50}.Publish_Vulkan|x64.Build.0 = Publish_Vulkan|x64
		{425D661F-8100-4142-A03C-4E6C842F5E50}.Release_Vulkan|x64.ActiveCfg = Release_Vulkan|x64
		{425D661F-8100-4142-A03C-4E6C842F5E50}.Release_Vulkan|x64.Build.0 = Release_Vulkan|x64
		{1DE6486D-2373-455B-8F2A-798439EB4600}.Debug_Vulkan|x64.ActiveCfg = Debug_Vulkan|x64
		{1DE6486D-2373-455B-8F2A-798439EB4600}.Debug_Vulkan|x64.Build.0 = Debug_Vulkan|x64
		{1DE6486D-2373-455B-8F2A-798439EB4600}.Publish_Vulkan|x64.ActiveCfg = Publish_Vulkan|x64
		{1DE6486D-2373-455B-8F2A-798439EB4600}.Publish_Vulkan|x64.Build.0 = Publish_Vulkan|x64
		{1DE6486D-2373-455B-8F2A-798439EB4600}.Release_Vulkan|x64.ActiveCfg = Release_Vulkan|x64
		{1DE6486D-2373-455B-8F2A-798439EB4600}.Release_Vulkan|x64.Build.0 = Release_Vulkan|x64
		{D8329EE0-A6B8-40FD-A427-5D4AC5C56CAD}.Debug_Vulkan|x64.ActiveCfg = Debug_Vulkan|x64
		{D8329EE0-A6B8-40FD-A427-5D4AC5C56CAD}.Debug_Vulkan|x64.Build.0 = Debug_Vulkan|x64
		{D8329EE0-A6B8-40FD-A427-5D4AC5C56CAD}.Publish_Vulkan|x64.ActiveCfg = Publish_Vulkan|x64
		{D8329EE0-A6B8-40FD-A427-5D4AC5C56CAD}.Publish_Vulkan|x64.Build.0 = Publish_Vulkan|x64
		{D8329EE0-A6B8-40FD-A427-5D4AC5C56CAD}.Release_Vulkan|x64.ActiveCfg = Release_Vulkan|x64
		{D8329EE0-A6B8-40FD-A427-5D4AC5C56CAD}.Release_Vulkan|x64.Build.0 = Release_Vulkan|x64
		{BFFBAB2F-A0C4-451F-BBCB-279F218FAB1F}.Debug_Vulkan|x64.ActiveCfg = Debug_Vulkan|x64
		{BFFBAB2F-A0C4-451F-BBCB-279F218FAB1F}.Debug_Vulkan|x64.Build.0 = Debug_Vulkan|x64
		{BFFBAB2F-A0C4-451F-BBCB-279F218FAB1F}.Publish_Vulkan|x64.ActiveCfg = Publish_Vulkan|x64
		{BFFBAB2F-A0C4-451F-BBCB-279F218FAB1F}.Publish_Vulkan|x64.Build.0 = Publish_Vulkan|x64
		{BFFBAB2F-A0C4-451F-BBCB-279F218FAB1F}.Release_Vulkan|x64.ActiveCfg = Release_Vulkan|x64
		{BFFBAB2F-A0C4-451F-BBCB-279F218FAB1F}.Release_Vulkan|x64.Build.0 = Release_Vulkan|x64
		{67E56BCA-00F5-4AEE-AEB7-E0E064428AA8}.Debug_Vulkan|x64.ActiveCfg = Debug_Vulkan|x64
		{67E56BCA-00F5-4AEE-AEB7-E0E064428AA8}.Debug_Vulkan|x64.Build.0 = Debug_Vulkan|x64
		{67E56BCA-00F5-4AEE-AEB7-E0E064428AA8}.Publish_Vulkan|x64.ActiveCfg = Publish_Vulkan|x64
		{67E56BCA-00F5-4AEE-AEB7-E0E064428AA8}.Publish_Vulkan|x64.Build.0 = Publish_Vulkan|x64
		{67E56BCA-00F5-4AEE-AEB7-E0E064428AA8}.Release_Vulkan|x64.ActiveCfg = Release_Vulkan|x64
		{67E56BCA-00F5-4AEE-AEB7-E0E064428AA8}.Release_Vulkan|x64.Build.0 = Release_Vulkan|x64
		{BCFFFE1C-FC08-432A-9A07-4C049AE398BD}.Debug_Vulkan|x64.ActiveCfg = Debug_Vulkan|x64
		{BCFFFE1C-FC08-432A-9A07-4C049AE398BD}.Debug_Vulkan|x64.Build.0 = Debug_Vulkan|x64
		{BCFFFE1C-FC08-432A-9A07-4C049AE398BD}.Publish_Vulkan|x64.ActiveCfg = Publish_Vulkan|x64
		{BCFFFE1C-FC08-432A-9A07-4C049AE398BD}.Publish_Vulkan|x64.Build.0 = Publish_Vulkan|x64
		{BCFFFE1C-FC08-432A-9A07-4C049AE398BD}.Release_Vulkan|x64.ActiveCfg = Release_Vulkan|x64
		{BCFFFE1C-FC08-432A-9A07-4C049AE398BD}.Release_Vulkan|x64.Build.0 = Release_Vulkan|x64
		{2E2F473E-AF6A-4FC1-9D2D-B4541EAD7BEE}.Debug_Vulkan|x64.ActiveCfg = Debug_Vulkan|x64
		{2E2F473E-AF6A-4FC1-9D2D-B4541EAD7BEE}.Debug_Vulkan|x64.Build.0 = Debug_Vulkan|x64
		{2E2F473E-AF6A-4FC1-9D2D-B4541EAD7BEE}.Publish_Vulkan|x64.ActiveCfg = Publish_Vulkan|x64
		{2E2F473E-AF6A-4FC1-9D2D-B4541EAD7BEE}.Publish_Vulkan|x64.Build.0 = Publish_Vulkan|x64
		{2E2F473E-AF6A-4FC1-9D2D-B4541EAD7BEE}.Release_Vulkan|x64.ActiveCfg = Release_Vulkan|x64
		{2E2F473E-AF6A-4FC1-9D2D-B4541EAD7BEE}.Release_Vulkan|x64.Build.0 = Release_Vulkan|x64
		{295E18F0-C25C-4864-9D61-4A7F6EE13EFB}.Debug_Vulkan|x64.ActiveCfg = Debug_Vulkan|x64
		{295E18F0-C25C-4864-9D61-4A7F6EE13EFB}.Debug_Vulkan|x64.Build.0 = Debug_Vulkan|x64
		{295E18F0-C25C-4864-9D61-4A7F6EE13EFB}.Publish_Vulkan|x64.ActiveCfg = Publish_Vulkan|x64
		{295E18F0-C25C-4864-9D61-4A7F6EE13EFB}.Publish_Vulkan|x64.Build.0 = Publish_Vulkan|x64
		{295E18F0-C25C-4864-9D61-4A7F6EE13EFB}.Release_Vulkan|x64.ActiveCfg = Release_Vulkan|x64
		{295E18F0-C25C-4864-9D61-4A7F6EE13EFB}.Release_Vulkan|x64.Build.0 = Release_Vulkan|x64
		{3CD62905-610C-4EA1-A378-E1DFE6A6871C}.Debug_Vulkan|x64.ActiveCfg = Debug_Vulkan|x64
		{3CD62905-610C-4EA1-A378-E1DFE6A6871C}.Debug_Vulkan|x64.Build.0 = Debug_Vulkan|x64
		{3CD62905-610C-4EA1-A378-E1DFE6A6871C}.Publish_Vulkan|x64.ActiveCfg = Publish_Vulkan|x64
		{3CD62905-610C-4EA1-A378-E1DFE6A6871C}.Publish_Vulkan|x64.Build.0 = Publish_Vulkan|x64
		{3CD62905-610C-4EA1-A378-E1DFE6A6871C}.Release_Vulkan|x64.ActiveCfg = Release_Vulkan|x64
		{3CD62905-610C-4EA1-A378-E1DFE6A6871C}.Release_Vulkan|x64.Build.0 = Release_Vulkan|x64
		{14DC267E-090F-442E-82FB-31A16759ECDC}.Debug_Vulkan|x64.ActiveCfg = Debug_Vulkan|x64
		{14DC267E-090F-442E-82FB-31A16759ECDC}.Debug_Vulkan|x64.Build.0 = Debug_Vulkan|x64
		{14DC267E-090F-442E-82FB-31A16759ECDC}.Publish_Vulkan|x64.ActiveCfg = Publish_Vulkan|x64
		{14DC267E-090F-442E-82FB-31A16759ECDC}.Publish_Vulkan|x64.Build.0 = Publish_Vulkan|x64
		{14DC267E-090F-442E-82FB-31A16759ECDC}.Release_Vulkan|x64.ActiveCfg = Release_Vulkan|x64
		{14DC267E-090F-442E-82FB-31A16759ECDC}.Release_Vulkan|x64.Build.0 = Release_Vulkan|x64
		{C9892273-E97F-49F5-8A0D-96278284EAFF}.Debug_Vulkan|x64.ActiveCfg = Debug_Vulkan|x64
		{C9892273-E97F-49F5-8A0D-96278284EAFF}.Debug_Vulkan|x64.Build.0 = Debug_Vulkan|x64
		{C9892273-E97F-49F5-8A0D-96278284EAFF}.Publish_Vulkan|x64.ActiveCfg = Publish_Vulkan|x64
		{C9892273-E97F-49F5-8A0D-96278284EAFF}.Publish_Vulkan|x64.Build.0 = Publish_Vulkan|x64
		{C9892273-E97F-49F5-8A0D-96278284EAFF}.Release_Vulkan|x64.ActiveCfg = Release_Vulkan|x64
		{C9892273-E97F-49F5-8A0D-96278284EAFF}.Release_Vulkan|x64.Build.0 = Release_Vulkan|x64
	EndGlobalSection
	GlobalSection(SolutionProperties) = preSolution
		HideSolutionNode = FALSE
	EndGlobalSection
	GlobalSection(NestedProjects) = preSolution
		{AAAC1485-846C-4F30-8824-125E8584D038} = {08A10CAA-9B1B-41DB-9EB5-8547AC3077EA}
		{08A10CAA-9B1B-41DB-9EB5-8547AC3077EA} = {42ECE233-FCB5-4525-BBC9-024CE075FC38}
		{8E7CC991-65C1-4B5B-9F18-F650A5378404} = {08A10CAA-9B1B-41DB-9EB5-8547AC3077EA}
		{017E78C0-EA95-4C68-866B-51664926D8C9} = {B883882B-129A-4528-86E3-68638929D9EC}
		{B883882B-129A-4528-86E3-68638929D9EC} = {42ECE233-FCB5-4525-BBC9-024CE075FC38}
		{87425D27-E858-4E57-A482-21346163B972} = {E796A880-48FF-48FF-A7F0-A3A522223061}
		{E796A880-48FF-48FF-A7F0-A3A522223061} = {42ECE233-FCB5-4525-BBC9-024CE075FC38}
		{8397BAEB-C62F-4EE0-9402-E2D1B804A328} = {B883882B-129A-4528-86E3-68638929D9EC}
		{425D661F-8100-4142-A03C-4E6C842F5E50} = {683E25DF-C29D-4BC6-980E-88F7C09D024F}
		{683E25DF-C29D-4BC6-980E-88F7C09D024F} = {42ECE233-FCB5-4525-BBC9-024CE075FC38}
		{1DE6486D-2373-455B-8F2A-798439EB4600} = {683E25DF-C29D-4BC6-980E-88F7C09D024F}
		{D8329EE0-A6B8-40FD-A427-5D4AC5C56CAD} = {683E25DF-C29D-4BC6-980E-88F7C09D024F}
		{BFFBAB2F-A0C4-451F-BBCB-279F218FAB1F} = {08A10CAA-9B1B-41DB-9EB5-8547AC3077EA}
		{67E56BCA-00F5-4AEE-AEB7-E0E064428AA8} = {08A10CAA-9B1B-41DB-9EB5-8547AC3077EA}
		{8C843027-6CE3-4F0D-A640-16C5C188BCD6} = {42ECE233-FCB5-4525-BBC9-024CE075FC38}
		{BCFFFE1C-FC08-432A-9A07-4C049AE398BD} = {8C843027-6CE3-4F0D-A640-16C5C188BCD6}
		{2E2F473E-AF6A-4FC1-9D2D-B4541EAD7BEE} = {B883882B-129A-4528-86E3-68638929D9EC}
		{295E18F0-C25C-4864-9D61-4A7F6EE13EFB} = {B883882B-129A-4528-86E3-68638929D9EC}
		{3CD62905-610C-4EA1-A378-E1DFE6A6871C} = {08A10CAA-9B1B-41DB-9EB5-8547AC3077EA}
		{14DC267E-090F-442E-82FB-31A16759ECDC} = {E796A880-48FF-48FF-A7F0-A3A522223061}
		{C9892273-E97F-49F5-8A0D-96278284EAFF} = {08A10CAA-9B1B-41DB-9EB5-8547AC3077EA}
	EndGlobalSection
	GlobalSection(ExtensibilityGlobals) = postSolution
		SolutionGuid = {A8961D43-F08D-46E3-B3BB-29BA8AA39C3E}
	EndGlobalSection
EndGlobal
