<?xml version="1.0" encoding="utf-8"?>
<Project ToolsVersion="4.0" xmlns="http://schemas.microsoft.com/developer/msbuild/2003">
  <ItemGroup>
    <Filter Include="assets">
      <UniqueIdentifier>{24240a51-8fdb-478f-8c1c-27cbca7adc3f}</UniqueIdentifier>
      <SourceControlFiles>False</SourceControlFiles>
    </Filter>
    <Filter Include="shaders">
      <UniqueIdentifier>{1d345cf5-0451-42e0-83a8-6a3f5a7203ca}</UniqueIdentifier>
    </Filter>
    <Filter Include="precompiled_headers">
      <UniqueIdentifier>{a498e4bc-580a-49d7-9a8e-ec57803fdcd4}</UniqueIdentifier>
    </Filter>
    <Filter Include="shared">
      <UniqueIdentifier>{064141dd-28bf-4502-bd4f-aef5a4d1f6d1}</UniqueIdentifier>
    </Filter>
  </ItemGroup>
  <ItemGroup>
    <None Include="..\..\..\assets\3rd_party\models\sponza\sponza_structure.obj">
      <Filter>assets</Filter>
    </None>
    <None Include="..\..\..\examples\skinned_meshlets\shaders\meshlet.task">
      <Filter>shaders</Filter>
    </None>
    <None Include="..\..\..\examples\skinned_meshlets\shaders\transform_and_pass_pos_nrm_uv.vert">
      <Filter>shaders</Filter>
    </None>
    <None Include="..\..\..\examples\skinned_meshlets\shaders\diffuse_shading_fixed_lightsource.frag">
      <Filter>shaders</Filter>
    </None>
    <None Include="..\..\..\examples\skinned_meshlets\shaders\meshlet.mesh">
      <Filter>shaders</Filter>
    </None>
    <None Include="..\..\..\examples\skinned_meshlets\shaders\glsl_helpers.glsl">
      <Filter>shared</Filter>
    </None>
    <None Include="..\..\..\assets\pigman\pigman.fbx">
      <Filter>assets</Filter>
    </None>
  </ItemGroup>
  <ItemGroup>
    <ClInclude Include="..\..\..\examples\skinned_meshlets\shaders\cpu_gpu_shared_config.h">
      <Filter>shared</Filter>
    </ClInclude>
    <ClInclude Include="cg_stdafx.hpp">
      <Filter>precompiled_headers</Filter>
    </ClInclude>
    <ClInclude Include="cg_targetver.hpp">
      <Filter>precompiled_headers</Filter>
    </ClInclude>
  </ItemGroup>
  <ItemGroup>
    <ClCompile Include="..\..\..\examples\skinned_meshlets\source\skinned_meshlets.cpp" />
    <ClCompile Include="cg_stdafx.cpp">
      <Filter>precompiled_headers</Filter>
    </ClCompile>
  </ItemGroup>
  <ItemGroup>
    <Image Include="..\..\..\assets\pigman\axe_AO.png">
      <Filter>assets</Filter>
    </Image>
    <Image Include="..\..\..\assets\pigman\axe_m.png">
      <Filter>assets</Filter>
    </Image>
    <Image Include="..\..\..\assets\pigman\axe_Normal_OpenGL.png">
      <Filter>assets</Filter>
    </Image>
    <Image Include="..\..\..\assets\pigman\axe_Roughness.png">
      <Filter>assets</Filter>
    </Image>
    <Image Include="..\..\..\assets\pigman\Body_and_head_Base_Color.png">
      <Filter>assets</Filter>
    </Image>
    <Image Include="..\..\..\assets\pigman\Body_and_head_Metallic.png">
      <Filter>assets</Filter>
    </Image>
    <Image Include="..\..\..\assets\pigman\Body_and_head_Mixed_AO.png">
      <Filter>assets</Filter>
    </Image>
    <Image Include="..\..\..\assets\pigman\Body_and_head_Normal_OpenGL.png">
      <Filter>assets</Filter>
    </Image>
    <Image Include="..\..\..\assets\pigman\Body_and_head_Roughness2.png">
      <Filter>assets</Filter>
    </Image>
    <Image Include="..\..\..\assets\pigman\H6_dif_alpha.png">
      <Filter>assets</Filter>
    </Image>
    <Image Include="..\..\..\assets\pigman\H6_dif_nrml.png">
      <Filter>assets</Filter>
    </Image>
    <Image Include="..\..\..\assets\pigman\Armor_Base_Color.png">
      <Filter>assets</Filter>
    </Image>
    <Image Include="..\..\..\assets\pigman\Armor_Metallic.png">
      <Filter>assets</Filter>
    </Image>
    <Image Include="..\..\..\assets\pigman\Armor_Mixed_AO.png">
      <Filter>assets</Filter>
    </Image>
    <Image Include="..\..\..\assets\pigman\Armor_Normal_OpenGL.png">
      <Filter>assets</Filter>
    </Image>
    <Image Include="..\..\..\assets\pigman\Armor_Roughness.png">
      <Filter>assets</Filter>
    </Image>
    <Image Include="..\..\..\assets\pigman\Arms_and_Legs_Base_Color.png">
      <Filter>assets</Filter>
    </Image>
    <Image Include="..\..\..\assets\pigman\Arms_and_Legs_Metallic.png">
      <Filter>assets</Filter>
    </Image>
    <Image Include="..\..\..\assets\pigman\Arms_and_Legs_Mixed_AO.png">
      <Filter>assets</Filter>
    </Image>
    <Image Include="..\..\..\assets\pigman\Arms_and_Legs_Normal_OpenGL.png">
      <Filter>assets</Filter>
    </Image>
    <Image Include="..\..\..\assets\pigman\Arms_and_Legs_Roughness2.png">
      <Filter>assets</Filter>
    </Image>
    <Image Include="..\..\..\assets\pigman\axe.png">
      <Filter>assets</Filter>
    </Image>
  </ItemGroup>
</Project>