<?xml version="1.0" encoding="utf-8"?>
<Project ToolsVersion="4.0" xmlns="http://schemas.microsoft.com/developer/msbuild/2003">
  <ItemGroup>
    <ClCompile Include="..\..\framework\src\composition_interface.cpp">
      <Filter>Source Files\application_structure_and_general_stuff</Filter>
    </ClCompile>
    <ClCompile Include="..\..\framework\src\context.cpp">
      <Filter>Source Files\context_and_context_specific_functionality</Filter>
    </ClCompile>
    <ClCompile Include="..\..\framework\src\context_vulkan.cpp">
      <Filter>Source Files\context_and_context_specific_functionality\vulkan</Filter>
    </ClCompile>
    <ClCompile Include="..\..\framework\src\context_generic_glfw.cpp">
      <Filter>Source Files\context_and_context_specific_functionality\glfw</Filter>
    </ClCompile>
    <ClCompile Include="..\..\framework\src\model.cpp">
      <Filter>Source Files\data_buffers_images</Filter>
    </ClCompile>
    <ClCompile Include="..\..\framework\src\transform.cpp">
      <Filter>Source Files\scene_and_object_hierarchy</Filter>
    </ClCompile>
    <ClCompile Include="..\..\framework\src\cg_element.cpp">
      <Filter>Source Files\application_structure_and_general_stuff</Filter>
    </ClCompile>
    <ClCompile Include="..\..\external\universal\src\FileWatcher\FileWatcherWin32.cpp">
      <Filter>Source Files\external\FileWatcher</Filter>
    </ClCompile>
    <ClCompile Include="..\..\external\universal\src\FileWatcher\FileWatcher.cpp">
      <Filter>Source Files\external\FileWatcher</Filter>
    </ClCompile>
    <ClCompile Include="..\..\framework\src\window_base.cpp">
      <Filter>Source Files\window_and_presentation</Filter>
    </ClCompile>
    <ClCompile Include="..\..\external\universal\src\imgui.cpp">
      <Filter>Source Files\external</Filter>
    </ClCompile>
    <ClCompile Include="..\..\external\universal\src\imgui_demo.cpp">
      <Filter>Source Files\external</Filter>
    </ClCompile>
    <ClCompile Include="..\..\external\universal\src\imgui_draw.cpp">
      <Filter>Source Files\external</Filter>
    </ClCompile>
    <ClCompile Include="..\..\external\universal\src\imgui_widgets.cpp">
      <Filter>Source Files\external</Filter>
    </ClCompile>
    <ClCompile Include="..\..\framework\src\window_vulkan.cpp">
      <Filter>Source Files\context_and_context_specific_functionality\vulkan</Filter>
    </ClCompile>
    <ClCompile Include="..\..\external\universal\src\imgui_impl_glfw.cpp">
      <Filter>Source Files\external</Filter>
    </ClCompile>
    <ClCompile Include="..\..\external\universal\src\imgui_impl_opengl3.cpp">
      <Filter>Source Files\external</Filter>
    </ClCompile>
    <ClCompile Include="..\..\external\universal\src\imgui_impl_vulkan.cpp">
      <Filter>Source Files\external</Filter>
    </ClCompile>
    <ClCompile Include="..\..\framework\src\input_buffer.cpp">
      <Filter>Source Files\application_structure_and_general_stuff\input</Filter>
    </ClCompile>
    <ClCompile Include="..\..\framework\src\log.cpp">
      <Filter>Source Files\utilities_components_helpers\logging</Filter>
    </ClCompile>
    <ClCompile Include="..\..\framework\src\math_utils.cpp">
      <Filter>Source Files\utilities_components_helpers\math_and_geometry_utils</Filter>
    </ClCompile>
    <ClCompile Include="..\..\framework\src\camera.cpp">
      <Filter>Source Files\utilities_components_helpers\cameras</Filter>
    </ClCompile>
    <ClCompile Include="..\..\framework\src\quake_camera.cpp">
      <Filter>Source Files\utilities_components_helpers\cameras</Filter>
    </ClCompile>
    <ClCompile Include="..\..\framework\src\fixed_update_timer.cpp">
      <Filter>Source Files\application_structure_and_general_stuff\timers</Filter>
    </ClCompile>
    <ClCompile Include="..\..\framework\src\varying_update_timer.cpp">
      <Filter>Source Files\application_structure_and_general_stuff\timers</Filter>
    </ClCompile>
    <ClCompile Include="..\..\framework\src\shader_vulkan.cpp">
      <Filter>Source Files\context_and_context_specific_functionality\vulkan</Filter>
    </ClCompile>
    <ClCompile Include="..\..\framework\src\image.cpp">
      <Filter>Source Files\data_buffers_images</Filter>
    </ClCompile>
    <ClCompile Include="..\..\framework\src\image_vulkan.cpp">
      <Filter>Source Files\context_and_context_specific_functionality\vulkan</Filter>
    </ClCompile>
    <ClCompile Include="..\..\framework\src\vulkan_convenience_functions.cpp">
      <Filter>Source Files\context_and_context_specific_functionality\vulkan</Filter>
    </ClCompile>
    <ClCompile Include="..\..\framework\src\image_view_vulkan.cpp">
      <Filter>Source Files\context_and_context_specific_functionality\vulkan</Filter>
    </ClCompile>
    <ClCompile Include="..\..\framework\src\sampler_vulkan.cpp">
      <Filter>Source Files\context_and_context_specific_functionality\vulkan</Filter>
    </ClCompile>
    <ClCompile Include="..\..\framework\src\image_sampler_vulkan.cpp">
      <Filter>Source Files\context_and_context_specific_functionality\vulkan</Filter>
    </ClCompile>
    <ClCompile Include="..\..\framework\src\command_buffer_vulkan.cpp">
      <Filter>Source Files\context_and_context_specific_functionality\vulkan</Filter>
    </ClCompile>
    <ClCompile Include="..\..\framework\src\command_pool_vulkan.cpp">
      <Filter>Source Files\context_and_context_specific_functionality\vulkan</Filter>
    </ClCompile>
    <ClCompile Include="..\..\framework\src\queue_vulkan.cpp">
      <Filter>Source Files\context_and_context_specific_functionality\vulkan</Filter>
    </ClCompile>
    <ClCompile Include="..\..\framework\src\framebuffer_vulkan.cpp">
      <Filter>Source Files\context_and_context_specific_functionality\vulkan</Filter>
    </ClCompile>
    <ClCompile Include="..\..\framework\src\descriptor_set_vulkan.cpp">
      <Filter>Source Files\context_and_context_specific_functionality\vulkan</Filter>
    </ClCompile>
    <ClCompile Include="..\..\framework\src\shader_binding_table_vulkan.cpp">
      <Filter>Source Files\context_and_context_specific_functionality\vulkan</Filter>
    </ClCompile>
    <ClCompile Include="..\..\framework\src\essential_utils.cpp">
      <Filter>Source Files\utilities_components_helpers\helper_functions</Filter>
    </ClCompile>
    <ClCompile Include="..\..\framework\src\descriptor_pool_vulkan.cpp">
      <Filter>Source Files\context_and_context_specific_functionality\vulkan</Filter>
    </ClCompile>
    <ClCompile Include="..\..\framework\src\vulkan_helper_functions.cpp">
      <Filter>Source Files\context_and_context_specific_functionality\vulkan</Filter>
    </ClCompile>
    <ClCompile Include="..\..\framework\src\buffer_vulkan.cpp">
      <Filter>Source Files\context_and_context_specific_functionality\vulkan</Filter>
    </ClCompile>
    <ClCompile Include="..\..\framework\src\input_description.cpp">
      <Filter>Source Files\pipeline_and_shaders</Filter>
    </ClCompile>
    <ClCompile Include="..\..\framework\src\graphics_pipeline_config.cpp">
      <Filter>Source Files\pipeline_and_shaders</Filter>
    </ClCompile>
    <ClCompile Include="..\..\framework\src\renderpass_vulkan.cpp">
      <Filter>Source Files\context_and_context_specific_functionality\vulkan</Filter>
    </ClCompile>
    <ClCompile Include="..\..\framework\src\attachment.cpp">
      <Filter>Source Files\data_buffers_images</Filter>
    </ClCompile>
    <ClCompile Include="..\..\framework\src\binding_data_vulkan.cpp">
      <Filter>Source Files\context_and_context_specific_functionality\vulkan</Filter>
    </ClCompile>
    <ClCompile Include="..\..\framework\src\fence_vulkan.cpp">
      <Filter>Source Files\context_and_context_specific_functionality\vulkan</Filter>
    </ClCompile>
    <ClCompile Include="..\..\framework\src\semaphore_vulkan.cpp">
      <Filter>Source Files\context_and_context_specific_functionality\vulkan</Filter>
    </ClCompile>
    <ClCompile Include="..\..\framework\src\shader_info.cpp">
      <Filter>Source Files\pipeline_and_shaders</Filter>
    </ClCompile>
    <ClCompile Include="cg_stdafx.cpp">
      <Filter>precompiled_headers</Filter>
    </ClCompile>
    <ClCompile Include="..\..\framework\src\buffer_opengl.cpp">
      <Filter>Source Files\context_and_context_specific_functionality\opengl</Filter>
    </ClCompile>
    <ClCompile Include="..\..\framework\src\context_opengl.cpp">
      <Filter>Source Files\context_and_context_specific_functionality\opengl</Filter>
    </ClCompile>
    <ClCompile Include="..\..\framework\src\fence_opengl.cpp">
      <Filter>Source Files\context_and_context_specific_functionality\opengl</Filter>
    </ClCompile>
    <ClCompile Include="..\..\framework\src\framebuffer_opengl.cpp">
      <Filter>Source Files\context_and_context_specific_functionality\opengl</Filter>
    </ClCompile>
    <ClCompile Include="..\..\framework\src\image_opengl.cpp">
      <Filter>Source Files\context_and_context_specific_functionality\opengl</Filter>
    </ClCompile>
    <ClCompile Include="..\..\framework\src\image_sampler_opengl.cpp">
      <Filter>Source Files\context_and_context_specific_functionality\opengl</Filter>
    </ClCompile>
    <ClCompile Include="..\..\framework\src\image_view_opengl.cpp">
      <Filter>Source Files\context_and_context_specific_functionality\opengl</Filter>
    </ClCompile>
    <ClCompile Include="..\..\framework\src\pipeline_opengl.cpp">
      <Filter>Source Files\context_and_context_specific_functionality\opengl</Filter>
    </ClCompile>
    <ClCompile Include="..\..\framework\src\sampler_opengl.cpp">
      <Filter>Source Files\context_and_context_specific_functionality\opengl</Filter>
    </ClCompile>
    <ClCompile Include="..\..\framework\src\semaphore_opengl.cpp">
      <Filter>Source Files\context_and_context_specific_functionality\opengl</Filter>
    </ClCompile>
    <ClCompile Include="..\..\framework\src\shader_opengl.cpp">
      <Filter>Source Files\context_and_context_specific_functionality\opengl</Filter>
    </ClCompile>
    <ClCompile Include="..\..\framework\src\window_opengl.cpp">
      <Filter>Source Files\context_and_context_specific_functionality\opengl</Filter>
    </ClCompile>
    <ClCompile Include="..\..\framework\src\renderpass_opengl.cpp">
      <Filter>Source Files\context_and_context_specific_functionality\opengl</Filter>
    </ClCompile>
    <ClCompile Include="..\..\framework\src\material_image_helpers.cpp">
      <Filter>Source Files\materials</Filter>
    </ClCompile>
    <ClCompile Include="..\..\framework\src\graphics_pipeline_vulkan.cpp">
      <Filter>Source Files\context_and_context_specific_functionality\vulkan</Filter>
    </ClCompile>
    <ClCompile Include="..\..\framework\src\compute_pipeline_vulkan.cpp">
      <Filter>Source Files\context_and_context_specific_functionality\vulkan</Filter>
    </ClCompile>
    <ClCompile Include="..\..\framework\src\compute_pipeline_config.cpp">
      <Filter>Source Files\pipeline_and_shaders</Filter>
    </ClCompile>
    <ClCompile Include="..\..\framework\src\orca_scene.cpp">
      <Filter>Source Files\data_buffers_images</Filter>
    </ClCompile>
    <ClCompile Include="..\..\framework\src\ray_tracing_pipeline_config.cpp">
      <Filter>Source Files\pipeline_and_shaders</Filter>
    </ClCompile>
    <ClCompile Include="..\..\framework\src\ray_tracing_pipeline_vulkan.cpp">
      <Filter>Source Files\context_and_context_specific_functionality\vulkan</Filter>
    </ClCompile>
    <ClCompile Include="..\..\framework\src\bottom_level_acceleration_structure_vulkan.cpp">
      <Filter>Source Files\context_and_context_specific_functionality\vulkan</Filter>
    </ClCompile>
    <ClCompile Include="..\..\framework\src\top_level_acceleration_structure_vulkan.cpp">
      <Filter>Source Files\context_and_context_specific_functionality\vulkan</Filter>
    </ClCompile>
    <ClCompile Include="..\..\framework\src\buffer_view_vulkan.cpp">
      <Filter>Source Files\context_and_context_specific_functionality\vulkan</Filter>
    </ClCompile>
    <ClCompile Include="..\..\framework\src\geometry_instance_vulkan.cpp">
      <Filter>Source Files\context_and_context_specific_functionality\vulkan</Filter>
    </ClCompile>
    <ClCompile Include="..\..\framework\src\lightsource_gpu_data.cpp">
      <Filter>Source Files\data_buffers_images</Filter>
    </ClCompile>
    <ClCompile Include="..\..\framework\include\sync_vulkan.cpp">
      <Filter>Source Files\context_and_context_specific_functionality\vulkan</Filter>
    </ClCompile>
    <ClCompile Include="..\..\framework\src\memory_access.cpp">
      <Filter>Source Files\data_buffers_images</Filter>
    </ClCompile>
  </ItemGroup>
  <ItemGroup>
    <ClInclude Include="..\..\framework\include\context.hpp">
      <Filter>Header Files\context_and_context_specific_functionality</Filter>
    </ClInclude>
    <ClInclude Include="..\..\framework\include\cg_element.hpp">
      <Filter>Header Files\application_structure_and_general_stuff</Filter>
    </ClInclude>
    <ClInclude Include="..\..\framework\include\composition_interface.hpp">
      <Filter>Header Files\application_structure_and_general_stuff</Filter>
    </ClInclude>
    <ClInclude Include="..\..\framework\include\fixed_update_timer.hpp">
      <Filter>Header Files\application_structure_and_general_stuff\timers</Filter>
    </ClInclude>
    <ClInclude Include="..\..\framework\include\timer_frame_type.hpp">
      <Filter>Header Files\application_structure_and_general_stuff\timers</Filter>
    </ClInclude>
    <ClInclude Include="..\..\framework\include\timer_interface.hpp">
      <Filter>Header Files\application_structure_and_general_stuff\timers</Filter>
    </ClInclude>
    <ClInclude Include="..\..\framework\include\input_buffer.hpp">
      <Filter>Header Files\application_structure_and_general_stuff\input</Filter>
    </ClInclude>
    <ClInclude Include="..\..\framework\include\key_code.hpp">
      <Filter>Header Files\application_structure_and_general_stuff\input</Filter>
    </ClInclude>
    <ClInclude Include="..\..\framework\include\key_state.hpp">
      <Filter>Header Files\application_structure_and_general_stuff\input</Filter>
    </ClInclude>
    <ClInclude Include="..\..\framework\include\context_generic_glfw.hpp">
      <Filter>Header Files\context_and_context_specific_functionality\glfw</Filter>
    </ClInclude>
    <ClInclude Include="..\..\framework\include\context_generic_glfw_types.hpp">
      <Filter>Header Files\context_and_context_specific_functionality\glfw</Filter>
    </ClInclude>
    <ClInclude Include="..\..\framework\include\context_vulkan.hpp">
      <Filter>Header Files\context_and_context_specific_functionality\vulkan</Filter>
    </ClInclude>
    <ClInclude Include="..\..\framework\include\model.hpp">
      <Filter>Header Files\data_buffers_images</Filter>
    </ClInclude>
    <ClInclude Include="..\..\framework\include\transform.hpp">
      <Filter>Header Files\scene_and_object_hierarchy</Filter>
    </ClInclude>
    <ClInclude Include="..\..\framework\include\window_base.hpp">
      <Filter>Header Files\window_and_presentation</Filter>
    </ClInclude>
    <ClInclude Include="..\..\framework\include\varying_update_timer.hpp">
      <Filter>Header Files\application_structure_and_general_stuff\timers</Filter>
    </ClInclude>
    <ClInclude Include="..\..\framework\include\window_vulkan.hpp">
      <Filter>Header Files\context_and_context_specific_functionality\vulkan</Filter>
    </ClInclude>
    <ClInclude Include="..\..\framework\include\context_state.hpp">
      <Filter>Header Files\context_and_context_specific_functionality</Filter>
    </ClInclude>
    <ClInclude Include="..\..\framework\include\cg_base.hpp">
      <Filter>Header Files\application_structure_and_general_stuff</Filter>
    </ClInclude>
    <ClInclude Include="..\..\framework\include\sequential_executor.hpp">
      <Filter>Header Files\application_structure_and_general_stuff\executors</Filter>
    </ClInclude>
    <ClInclude Include="..\..\framework\include\quake_camera.hpp">
      <Filter>Header Files\utilities_components_helpers\cameras</Filter>
    </ClInclude>
    <ClInclude Include="..\..\framework\include\camera.hpp">
      <Filter>Header Files\utilities_components_helpers\cameras</Filter>
    </ClInclude>
    <ClInclude Include="..\..\framework\include\log.hpp">
      <Filter>Header Files\utilities_components_helpers\logging</Filter>
    </ClInclude>
    <ClInclude Include="..\..\framework\include\math_utils.hpp">
      <Filter>Header Files\utilities_components_helpers\math_and_geometry_utils</Filter>
    </ClInclude>
    <ClInclude Include="..\..\framework\include\string_utils.hpp">
      <Filter>Header Files\utilities_components_helpers\helper_functions</Filter>
    </ClInclude>
    <ClInclude Include="..\..\framework\include\various_utils.hpp">
      <Filter>Header Files\utilities_components_helpers\helper_functions</Filter>
    </ClInclude>
    <ClInclude Include="..\..\framework\include\buffer.hpp">
      <Filter>Header Files\data_buffers_images</Filter>
    </ClInclude>
    <ClInclude Include="..\..\framework\include\memory_usage.hpp">
      <Filter>Header Files\data_buffers_images</Filter>
    </ClInclude>
    <ClInclude Include="..\..\framework\include\buffer_vulkan.hpp">
      <Filter>Header Files\context_and_context_specific_functionality\vulkan</Filter>
    </ClInclude>
    <ClInclude Include="..\..\framework\include\shader_vulkan.hpp">
      <Filter>Header Files\context_and_context_specific_functionality\vulkan</Filter>
    </ClInclude>
    <ClInclude Include="..\..\framework\include\shader_type.hpp">
      <Filter>Header Files\pipeline_and_shaders</Filter>
    </ClInclude>
    <ClInclude Include="..\..\framework\include\composition.hpp">
      <Filter>Header Files\application_structure_and_general_stuff</Filter>
    </ClInclude>
    <ClInclude Include="..\..\framework\include\image.hpp">
      <Filter>Header Files\data_buffers_images</Filter>
    </ClInclude>
    <ClInclude Include="..\..\framework\include\buffer_data.hpp">
      <Filter>Header Files\data_buffers_images</Filter>
    </ClInclude>
    <ClInclude Include="..\..\framework\include\essential_utils.hpp">
      <Filter>Header Files\utilities_components_helpers\helper_functions</Filter>
    </ClInclude>
    <ClInclude Include="..\..\framework\include\image_vulkan.hpp">
      <Filter>Header Files\context_and_context_specific_functionality\vulkan</Filter>
    </ClInclude>
    <ClInclude Include="..\..\framework\include\image_view_vulkan.hpp">
      <Filter>Header Files\context_and_context_specific_functionality\vulkan</Filter>
    </ClInclude>
    <ClInclude Include="..\..\framework\include\sampler_vulkan.hpp">
      <Filter>Header Files\context_and_context_specific_functionality\vulkan</Filter>
    </ClInclude>
    <ClInclude Include="..\..\framework\include\image_sampler_vulkan.hpp">
      <Filter>Header Files\context_and_context_specific_functionality\vulkan</Filter>
    </ClInclude>
    <ClInclude Include="..\..\framework\include\device_queue_selection_strategy.hpp">
      <Filter>Header Files\data_buffers_images</Filter>
    </ClInclude>
    <ClInclude Include="..\..\framework\include\command_buffer_vulkan.hpp">
      <Filter>Header Files\context_and_context_specific_functionality\vulkan</Filter>
    </ClInclude>
    <ClInclude Include="..\..\framework\include\command_pool_vulkan.hpp">
      <Filter>Header Files\context_and_context_specific_functionality\vulkan</Filter>
    </ClInclude>
    <ClInclude Include="..\..\framework\include\queue_vulkan.hpp">
      <Filter>Header Files\context_and_context_specific_functionality\vulkan</Filter>
    </ClInclude>
    <ClInclude Include="..\..\framework\include\framebuffer_vulkan.hpp">
      <Filter>Header Files\context_and_context_specific_functionality\vulkan</Filter>
    </ClInclude>
    <ClInclude Include="..\..\framework\include\descriptor_pool_vulkan.hpp">
      <Filter>Header Files\context_and_context_specific_functionality\vulkan</Filter>
    </ClInclude>
    <ClInclude Include="..\..\framework\include\descriptor_set_vulkan.hpp">
      <Filter>Header Files\context_and_context_specific_functionality\vulkan</Filter>
    </ClInclude>
    <ClInclude Include="..\..\framework\include\shader_binding_table_vulkan.hpp">
      <Filter>Header Files\context_and_context_specific_functionality\vulkan</Filter>
    </ClInclude>
    <ClInclude Include="..\..\framework\include\bindings_vulkan.hpp">
      <Filter>Header Files\context_and_context_specific_functionality\vulkan</Filter>
    </ClInclude>
    <ClInclude Include="..\..\framework\include\binding_data_vulkan.hpp">
      <Filter>Header Files\context_and_context_specific_functionality\vulkan</Filter>
    </ClInclude>
    <ClInclude Include="..\..\framework\include\vulkan_helper_functions.hpp">
      <Filter>Header Files\context_and_context_specific_functionality\vulkan</Filter>
    </ClInclude>
    <ClInclude Include="..\..\framework\include\context_tracker.hpp">
      <Filter>Header Files\application_structure_and_general_stuff</Filter>
    </ClInclude>
    <ClInclude Include="..\..\framework\include\buffer_member_format_vulkan.hpp">
      <Filter>Header Files\context_and_context_specific_functionality\vulkan</Filter>
    </ClInclude>
    <ClInclude Include="..\..\framework\include\shader_info.hpp">
      <Filter>Header Files\pipeline_and_shaders</Filter>
    </ClInclude>
    <ClInclude Include="..\..\framework\include\input_description.hpp">
      <Filter>Header Files\pipeline_and_shaders</Filter>
    </ClInclude>
    <ClInclude Include="..\..\framework\include\graphics_pipeline_config.hpp">
      <Filter>Header Files\pipeline_and_shaders</Filter>
    </ClInclude>
    <ClInclude Include="..\..\framework\include\push_constants.hpp">
      <Filter>Header Files\pipeline_and_shaders</Filter>
    </ClInclude>
    <ClInclude Include="..\..\framework\include\renderpass_vulkan.hpp">
      <Filter>Header Files\context_and_context_specific_functionality\vulkan</Filter>
    </ClInclude>
    <ClInclude Include="..\..\framework\include\attachment.hpp">
      <Filter>Header Files\data_buffers_images</Filter>
    </ClInclude>
    <ClInclude Include="..\..\framework\include\semaphore_vulkan.hpp">
      <Filter>Header Files\context_and_context_specific_functionality\vulkan</Filter>
    </ClInclude>
    <ClInclude Include="..\..\framework\include\fence_vulkan.hpp">
      <Filter>Header Files\context_and_context_specific_functionality\vulkan</Filter>
    </ClInclude>
    <ClInclude Include="cg_stdafx.hpp">
      <Filter>precompiled_headers</Filter>
    </ClInclude>
    <ClInclude Include="cg_targetver.hpp">
      <Filter>precompiled_headers</Filter>
    </ClInclude>
    <ClInclude Include="..\..\framework\include\binding_data_opengl.hpp">
      <Filter>Header Files\context_and_context_specific_functionality\opengl</Filter>
    </ClInclude>
    <ClInclude Include="..\..\framework\include\bindings_opengl.hpp">
      <Filter>Header Files\context_and_context_specific_functionality\opengl</Filter>
    </ClInclude>
    <ClInclude Include="..\..\framework\include\buffer_member_format_opengl.hpp">
      <Filter>Header Files\context_and_context_specific_functionality\opengl</Filter>
    </ClInclude>
    <ClInclude Include="..\..\framework\include\buffer_opengl.hpp">
      <Filter>Header Files\context_and_context_specific_functionality\opengl</Filter>
    </ClInclude>
    <ClInclude Include="..\..\framework\include\command_buffer_opengl.hpp">
      <Filter>Header Files\context_and_context_specific_functionality\opengl</Filter>
    </ClInclude>
    <ClInclude Include="..\..\framework\include\context_opengl.hpp">
      <Filter>Header Files\context_and_context_specific_functionality\opengl</Filter>
    </ClInclude>
    <ClInclude Include="..\..\framework\include\fence_opengl.hpp">
      <Filter>Header Files\context_and_context_specific_functionality\opengl</Filter>
    </ClInclude>
    <ClInclude Include="..\..\framework\include\framebuffer_opengl.hpp">
      <Filter>Header Files\context_and_context_specific_functionality\opengl</Filter>
    </ClInclude>
    <ClInclude Include="..\..\framework\include\image_opengl.hpp">
      <Filter>Header Files\context_and_context_specific_functionality\opengl</Filter>
    </ClInclude>
    <ClInclude Include="..\..\framework\include\image_sampler_opengl.hpp">
      <Filter>Header Files\context_and_context_specific_functionality\opengl</Filter>
    </ClInclude>
    <ClInclude Include="..\..\framework\include\image_view_opengl.hpp">
      <Filter>Header Files\context_and_context_specific_functionality\opengl</Filter>
    </ClInclude>
    <ClInclude Include="..\..\framework\include\pipeline_opengl.hpp">
      <Filter>Header Files\context_and_context_specific_functionality\opengl</Filter>
    </ClInclude>
    <ClInclude Include="..\..\framework\include\sampler_opengl.hpp">
      <Filter>Header Files\context_and_context_specific_functionality\opengl</Filter>
    </ClInclude>
    <ClInclude Include="..\..\framework\include\semaphore_opengl.hpp">
      <Filter>Header Files\context_and_context_specific_functionality\opengl</Filter>
    </ClInclude>
    <ClInclude Include="..\..\framework\include\shader_opengl.hpp">
      <Filter>Header Files\context_and_context_specific_functionality\opengl</Filter>
    </ClInclude>
    <ClInclude Include="..\..\framework\include\window_opengl.hpp">
      <Filter>Header Files\context_and_context_specific_functionality\opengl</Filter>
    </ClInclude>
    <ClInclude Include="..\..\framework\include\renderpass_opengl.hpp">
      <Filter>Header Files\context_and_context_specific_functionality\opengl</Filter>
    </ClInclude>
    <ClInclude Include="..\..\framework\include\filter_mode.hpp">
      <Filter>Header Files\data_buffers_images</Filter>
    </ClInclude>
    <ClInclude Include="..\..\framework\include\border_handling_mode.hpp">
      <Filter>Header Files\data_buffers_images</Filter>
    </ClInclude>
    <ClInclude Include="..\..\framework\include\graphics_pipeline_config_convenience_functions.hpp">
      <Filter>Header Files\pipeline_and_shaders</Filter>
    </ClInclude>
    <ClInclude Include="..\..\framework\include\material_config.hpp">
      <Filter>Header Files\materials</Filter>
    </ClInclude>
    <ClInclude Include="..\..\framework\include\material_gpu_data.hpp">
      <Filter>Header Files\materials</Filter>
    </ClInclude>
    <ClInclude Include="..\..\framework\include\material.hpp">
      <Filter>Header Files\materials</Filter>
    </ClInclude>
    <ClInclude Include="..\..\framework\include\material_image_helpers.hpp">
      <Filter>Header Files\materials</Filter>
    </ClInclude>
    <ClInclude Include="..\..\framework\include\graphics_pipeline_vulkan.hpp">
      <Filter>Header Files\context_and_context_specific_functionality\vulkan</Filter>
    </ClInclude>
    <ClInclude Include="..\..\framework\include\compute_pipeline_vulkan.hpp">
      <Filter>Header Files\context_and_context_specific_functionality\vulkan</Filter>
    </ClInclude>
    <ClInclude Include="..\..\framework\include\compute_pipeline_config.hpp">
      <Filter>Header Files\pipeline_and_shaders</Filter>
    </ClInclude>
    <ClInclude Include="..\..\framework\include\compute_pipeline_config_convenience_functions.hpp">
      <Filter>Header Files\pipeline_and_shaders</Filter>
    </ClInclude>
    <ClInclude Include="..\..\framework\include\image_usage.hpp">
      <Filter>Header Files\data_buffers_images</Filter>
    </ClInclude>
    <ClInclude Include="..\..\framework\include\orca_scene.hpp">
      <Filter>Header Files\data_buffers_images</Filter>
    </ClInclude>
    <ClInclude Include="..\..\framework\include\ray_tracing_pipeline_config.hpp">
      <Filter>Header Files\pipeline_and_shaders</Filter>
    </ClInclude>
    <ClInclude Include="..\..\framework\include\ray_tracing_pipeline_vulkan.hpp">
      <Filter>Header Files\context_and_context_specific_functionality\vulkan</Filter>
    </ClInclude>
    <ClInclude Include="..\..\framework\include\ray_tracing_pipeline_config_convenience_functions.hpp">
      <Filter>Header Files\pipeline_and_shaders</Filter>
    </ClInclude>
    <ClInclude Include="..\..\framework\include\command_buffer_convenience_functions.hpp">
      <Filter>Header Files\pipeline_and_shaders</Filter>
    </ClInclude>
    <ClInclude Include="..\..\framework\include\bottom_level_acceleration_structure_vulkan.hpp">
      <Filter>Header Files\context_and_context_specific_functionality\vulkan</Filter>
    </ClInclude>
    <ClInclude Include="..\..\framework\include\top_level_acceleration_structure_vulkan.hpp">
      <Filter>Header Files\context_and_context_specific_functionality\vulkan</Filter>
    </ClInclude>
    <ClInclude Include="..\..\framework\include\acceleration_structure_helper_functions.hpp">
      <Filter>Header Files\context_and_context_specific_functionality\vulkan</Filter>
    </ClInclude>
    <ClInclude Include="..\..\framework\include\buffer_view_vulkan.hpp">
      <Filter>Header Files\context_and_context_specific_functionality\vulkan</Filter>
    </ClInclude>
    <ClInclude Include="..\..\framework\include\lightsource.hpp">
      <Filter>Header Files\data_buffers_images</Filter>
    </ClInclude>
    <ClInclude Include="..\..\framework\include\lightsource_gpu_data.hpp">
      <Filter>Header Files\data_buffers_images</Filter>
    </ClInclude>
    <ClInclude Include="..\..\framework\include\aabb.hpp">
      <Filter>Header Files\geometry</Filter>
    </ClInclude>
    <ClInclude Include="..\..\framework\include\sync_vulkan.hpp">
      <Filter>Header Files\context_and_context_specific_functionality\vulkan</Filter>
    </ClInclude>
    <ClInclude Include="..\..\framework\include\pipeline_stage.hpp">
      <Filter>Header Files\data_buffers_images</Filter>
    </ClInclude>
    <ClInclude Include="..\..\framework\include\memory_access.hpp">
      <Filter>Header Files\data_buffers_images</Filter>
    </ClInclude>
  </ItemGroup>
  <ItemGroup>
    <Filter Include="Header Files">
      <UniqueIdentifier>{f0debc15-831c-4ce5-8aa8-b45e296d9848}</UniqueIdentifier>
    </Filter>
    <Filter Include="Source Files">
      <UniqueIdentifier>{99cf0065-9330-4485-b7e0-b67aa6c775cc}</UniqueIdentifier>
    </Filter>
    <Filter Include="Source Files\external">
      <UniqueIdentifier>{01ec6606-9462-4183-b896-331537dd7240}</UniqueIdentifier>
    </Filter>
    <Filter Include="Source Files\external\FileWatcher">
      <UniqueIdentifier>{e42383c6-18d8-4c20-95ad-9d3f00c29b0d}</UniqueIdentifier>
    </Filter>
    <Filter Include="shaders">
      <UniqueIdentifier>{15f8ac6c-d112-4381-ba3f-b40b491e5a90}</UniqueIdentifier>
    </Filter>
    <Filter Include="Header Files\window_and_presentation">
      <UniqueIdentifier>{71265412-bcfb-4e91-a7f7-658599c017c9}</UniqueIdentifier>
    </Filter>
    <Filter Include="Header Files\pipeline_and_shaders">
      <UniqueIdentifier>{bbc1b475-3f01-4d00-bc33-444e7d205aee}</UniqueIdentifier>
    </Filter>
    <Filter Include="Header Files\application_structure_and_general_stuff">
      <UniqueIdentifier>{a4957e45-c75d-4e02-b071-b9ee12a0ecee}</UniqueIdentifier>
    </Filter>
    <Filter Include="Header Files\application_structure_and_general_stuff\timers">
      <UniqueIdentifier>{bb4197cf-5a2e-439b-8c69-0f3197ed1abc}</UniqueIdentifier>
    </Filter>
    <Filter Include="Header Files\application_structure_and_general_stuff\executors">
      <UniqueIdentifier>{55acfcc3-15f4-491b-8cfa-d768e751b37a}</UniqueIdentifier>
    </Filter>
    <Filter Include="Header Files\application_structure_and_general_stuff\input">
      <UniqueIdentifier>{13e34ef1-6c80-45ea-a246-44fbddb451b7}</UniqueIdentifier>
    </Filter>
    <Filter Include="Header Files\scene_and_object_hierarchy">
      <UniqueIdentifier>{874fb75f-84d8-4d21-bc49-4a0b2b414996}</UniqueIdentifier>
    </Filter>
    <Filter Include="Header Files\utilities_components_helpers">
      <UniqueIdentifier>{42c1501c-8c6d-4276-ac58-d37027b2c265}</UniqueIdentifier>
    </Filter>
    <Filter Include="Header Files\utilities_components_helpers\cameras">
      <UniqueIdentifier>{c53c355c-f3f9-4752-b94d-5f146ba9ce85}</UniqueIdentifier>
    </Filter>
    <Filter Include="Header Files\user_interface">
      <UniqueIdentifier>{f803aed2-06ab-4a2f-b409-9c74eb85a01b}</UniqueIdentifier>
    </Filter>
    <Filter Include="Header Files\utilities_components_helpers\math_and_geometry_utils">
      <UniqueIdentifier>{3f988d90-307a-4889-a21c-1dbe8b2320c2}</UniqueIdentifier>
    </Filter>
    <Filter Include="Header Files\utilities_components_helpers\helper_functions">
      <UniqueIdentifier>{bc6c275d-bcd4-457d-bf53-c72064ce8be2}</UniqueIdentifier>
    </Filter>
    <Filter Include="Header Files\utilities_components_helpers\logging">
      <UniqueIdentifier>{6c0adc2a-695f-4f53-83be-b3ffc143ad5c}</UniqueIdentifier>
    </Filter>
    <Filter Include="Header Files\context_and_context_specific_functionality">
      <UniqueIdentifier>{e5492fdd-6b02-4ca0-b263-543f1210e7b0}</UniqueIdentifier>
    </Filter>
    <Filter Include="Header Files\context_and_context_specific_functionality\glfw">
      <UniqueIdentifier>{7a48d805-d55d-43b4-871b-c3ca8f382c38}</UniqueIdentifier>
    </Filter>
    <Filter Include="Header Files\context_and_context_specific_functionality\vulkan">
      <UniqueIdentifier>{c905e534-5618-4d8e-8cd8-5f1bb618ad0d}</UniqueIdentifier>
    </Filter>
    <Filter Include="Header Files\context_and_context_specific_functionality\opengl">
      <UniqueIdentifier>{2f6ad3fb-9dc3-4e3d-9f48-2f14baf6ad74}</UniqueIdentifier>
    </Filter>
    <Filter Include="Source Files\context_and_context_specific_functionality">
      <UniqueIdentifier>{f608b38b-95d7-4852-ab7c-e65244afe8cd}</UniqueIdentifier>
    </Filter>
    <Filter Include="Source Files\context_and_context_specific_functionality\glfw">
      <UniqueIdentifier>{5fe888a9-cde3-421a-8902-658ac9aaaea4}</UniqueIdentifier>
    </Filter>
    <Filter Include="Source Files\context_and_context_specific_functionality\opengl">
      <UniqueIdentifier>{0e7362c3-8fde-4d45-bf90-3078d0e4d8f1}</UniqueIdentifier>
    </Filter>
    <Filter Include="Source Files\context_and_context_specific_functionality\vulkan">
      <UniqueIdentifier>{ea0fdf81-c732-4701-a2d4-ab296818eaba}</UniqueIdentifier>
    </Filter>
    <Filter Include="Source Files\window_and_presentation">
      <UniqueIdentifier>{70da7be8-f87f-424f-a2cb-e7e14c29771c}</UniqueIdentifier>
    </Filter>
    <Filter Include="Source Files\application_structure_and_general_stuff">
      <UniqueIdentifier>{b6a318e6-0672-4cfd-9dee-8f4cffb2b9c1}</UniqueIdentifier>
    </Filter>
    <Filter Include="Source Files\application_structure_and_general_stuff\executors">
      <UniqueIdentifier>{a034951f-bd33-48d2-86a0-7907e64f14c3}</UniqueIdentifier>
    </Filter>
    <Filter Include="Source Files\application_structure_and_general_stuff\input">
      <UniqueIdentifier>{f78cf817-7639-4ad7-850c-0ade2bcbf0a2}</UniqueIdentifier>
    </Filter>
    <Filter Include="Source Files\application_structure_and_general_stuff\timers">
      <UniqueIdentifier>{f526f372-4587-438e-92bc-f69b7dda58bb}</UniqueIdentifier>
    </Filter>
    <Filter Include="Source Files\pipeline_and_shaders">
      <UniqueIdentifier>{0fdd72a4-7319-41db-8135-463523b4cb94}</UniqueIdentifier>
    </Filter>
    <Filter Include="Source Files\scene_and_object_hierarchy">
      <UniqueIdentifier>{7e028abe-dc0a-4bc4-a113-c1f9c61d73b8}</UniqueIdentifier>
    </Filter>
    <Filter Include="Source Files\utilities_components_helpers">
      <UniqueIdentifier>{46fe8982-4f9b-4606-9f98-bf60fa1f6524}</UniqueIdentifier>
    </Filter>
    <Filter Include="Source Files\utilities_components_helpers\logging">
      <UniqueIdentifier>{80dc6cad-1fd7-4ea1-9237-bb75bd732ffb}</UniqueIdentifier>
    </Filter>
    <Filter Include="Source Files\utilities_components_helpers\math_and_geometry_utils">
      <UniqueIdentifier>{86d74518-3790-4dbb-9338-e5800540fab5}</UniqueIdentifier>
    </Filter>
    <Filter Include="Source Files\utilities_components_helpers\helper_functions">
      <UniqueIdentifier>{5abc8df4-e418-4881-bb49-9bdc854ec3f0}</UniqueIdentifier>
    </Filter>
    <Filter Include="Source Files\utilities_components_helpers\cameras">
      <UniqueIdentifier>{8ce5e2af-eb10-41db-b611-c87ed4520013}</UniqueIdentifier>
    </Filter>
    <Filter Include="Source Files\user_interface">
      <UniqueIdentifier>{b3702408-1275-441e-96c8-274bca405c65}</UniqueIdentifier>
    </Filter>
    <Filter Include="Header Files\data_buffers_images">
      <UniqueIdentifier>{7e592d59-e1a9-4f56-a9d2-2fdb56a7075f}</UniqueIdentifier>
    </Filter>
    <Filter Include="Source Files\data_buffers_images">
      <UniqueIdentifier>{50fa4b81-fe6d-4215-80a8-6d974e43b960}</UniqueIdentifier>
    </Filter>
    <Filter Include="precompiled_headers">
      <UniqueIdentifier>{7ec27cee-9cd5-4218-838d-24f9822158b8}</UniqueIdentifier>
    </Filter>
    <Filter Include="Header Files\materials">
      <UniqueIdentifier>{2f48c5b9-1e70-4133-b325-ebad35d14317}</UniqueIdentifier>
    </Filter>
    <Filter Include="Source Files\materials">
      <UniqueIdentifier>{10fc3df0-04ba-4e48-a552-94a1d862d01d}</UniqueIdentifier>
    </Filter>
    <Filter Include="Header Files\geometry">
      <UniqueIdentifier>{69f88a68-5ba7-4e99-a4e2-613a71e3dc50}</UniqueIdentifier>
    </Filter>
    <Filter Include="Source Files\geometry">
      <UniqueIdentifier>{aa63a7ef-8226-409c-86fe-6b5a72cea179}</UniqueIdentifier>
    </Filter>
  </ItemGroup>
  <ItemGroup>
    <None Include="..\..\framework\include\geometry_instance_vulkan.hpp">
      <Filter>Header Files\context_and_context_specific_functionality\vulkan</Filter>
    </None>
  </ItemGroup>
</Project>