
Microsoft Visual Studio Solution File, Format Version 12.00
# Visual Studio Version 16
VisualStudioVersion = 16.0.28531.58
MinimumVisualStudioVersion = 10.0.40219.1
Project("{FAE04EC0-301F-11D3-BF4B-00C04F79EFBC}") = "create_new_project", "create_new_project\create_new_project.csproj", "{81F3A5D7-BD8C-42F3-9C19-F49FD2A0CF80}"
EndProject
Global
	GlobalSection(SolutionConfigurationPlatforms) = preSolution
		Debug|Any CPU = Debug|Any CPU
		Release|Any CPU = Release|Any CPU
	EndGlobalSection
	GlobalSection(ProjectConfigurationPlatforms) = postSolution
		{81F3A5D7-BD8C-42F3-9C19-F49FD2A0CF80}.Debug|Any CPU.ActiveCfg = Debug|Any CPU
		{81F3A5D7-BD8C-42F3-9C19-F49FD2A0CF80}.Debug|Any CPU.Build.0 = Debug|Any CPU
		{81F3A5D7-BD8C-42F3-9C19-F49FD2A0CF80}.Release|Any CPU.ActiveCfg = Release|Any CPU
		{81F3A5D7-BD8C-42F3-9C19-F49FD2A0CF80}.Release|Any CPU.Build.0 = Release|Any CPU
	EndGlobalSection
	GlobalSection(SolutionProperties) = preSolution
		HideSolutionNode = FALSE
	EndGlobalSection
	GlobalSection(ExtensibilityGlobals) = postSolution
		SolutionGuid = {0C816A06-0734-42F6-9088-A80C2F58F884}
	EndGlobalSection
EndGlobal
